<?xml version="1.0" encoding="utf-8"?>
<Project ToolsVersion="16.0" xmlns="http://schemas.microsoft.com/developer/msbuild/2003">
  <ItemGroup>
    <CustomBuild Include="C:\Users\bernh\Documents\25_Sommer2022\CmakeBuild\CMakeFiles\f99a956080fb1548e1e36a31dd0a56e2\generate.stamp.rule">
      <Filter>CMake Rules</Filter>
    </CustomBuild>
  </ItemGroup>
  <ItemGroup>
    <Filter Include="CMake Rules">
      <UniqueIdentifier>{0DFB66D2-F014-368E-A329-1820C6194CFB}</UniqueIdentifier>
    </Filter>
  </ItemGroup>
</Project>
