<?xml version="1.0" encoding="utf-8"?>
<Project ToolsVersion="16.0" xmlns="http://schemas.microsoft.com/developer/msbuild/2003">
  <ItemGroup>
    <ClCompile Include="C:\Users\bernh\Documents\25_Sommer2022\main.cpp">
      <Filter>Source Files</Filter>
    </ClCompile>
    <ClCompile Include="C:\Users\bernh\Documents\25_Sommer2022\edge.cpp">
      <Filter>Source Files</Filter>
    </ClCompile>
    <ClCompile Include="C:\Users\bernh\Documents\25_Sommer2022\callBackLinks.cpp">
      <Filter>Source Files</Filter>
    </ClCompile>
    <ClCompile Include="C:\Users\bernh\Documents\25_Sommer2022\PrecompiledHeadersEdges.cpp">
      <Filter>Source Files</Filter>
    </ClCompile>
    <ClCompile Include="C:\Users\bernh\Documents\25_Sommer2022\random_speed_neu.cpp">
      <Filter>Source Files</Filter>
    </ClCompile>
    <ClCompile Include="C:\Users\bernh\Documents\25_Sommer2022\vehicle.cpp">
      <Filter>Source Files</Filter>
    </ClCompile>
    <ClCompile Include="..\PrintInGDIplusWindow.cpp">
      <Filter>Source Files</Filter>
    </ClCompile>
    <ClCompile Include="..\PrintInGDIplusWin2LN.cpp">
      <Filter>Source Files</Filter>
    </ClCompile>
    <ClCompile Include="..\PrintInGDIplusWin1LP.cpp">
      <Filter>Source Files</Filter>
    </ClCompile>
    <ClCompile Include="..\PrintInGDIplusWin2LP.cpp">
      <Filter>Source Files</Filter>
    </ClCompile>
    <ClCompile Include="..\PrintInGDIplusWin1LN.cpp">
      <Filter>Source Files</Filter>
    </ClCompile>
    <ClCompile Include="..\PrintInGDIplusWinEmpty.cpp">
      <Filter>Source Files</Filter>
    </ClCompile>
    <ClCompile Include="..\flowSimulation2PosStraightA.cpp">
      <Filter>Source Files</Filter>
    </ClCompile>
    <ClCompile Include="..\flowSimulation2NegStraight.cpp">
      <Filter>Source Files</Filter>
    </ClCompile>
    <ClCompile Include="..\flowSimulation1PosStraight.cpp">
      <Filter>Source Files</Filter>
    </ClCompile>
    <ClCompile Include="..\flowSimulation1NegStraight.cpp">
      <Filter>Source Files</Filter>
    </ClCompile>
  </ItemGroup>
  <ItemGroup>
    <CustomBuild Include="C:\Users\bernh\Documents\25_Sommer2022\CMakeLists.txt" />
  </ItemGroup>
  <ItemGroup>
    <Filter Include="Source Files">
      <UniqueIdentifier>{2DD200DD-6B0E-376F-B0B9-581ECE4DA5CE}</UniqueIdentifier>
    </Filter>
  </ItemGroup>
</Project>