<?xml version="1.0" encoding="utf-8"?>
<Project ToolsVersion="16.0" xmlns="http://schemas.microsoft.com/developer/msbuild/2003">
  <ItemGroup>
    <ClCompile Include="C:\Users\bernh\Documents\25_Sommer2022\main.cpp">
      <Filter>Source Files</Filter>
    </ClCompile>
    <ClCompile Include="C:\Users\bernh\Documents\25_Sommer2022\edge.cpp">
      <Filter>Source Files</Filter>
    </ClCompile>
    <ClCompile Include="C:\Users\bernh\Documents\25_Sommer2022\callBackLinks.cpp">
      <Filter>Source Files</Filter>
    </ClCompile>
    <ClCompile Include="C:\Users\bernh\Documents\25_Sommer2022\PrecompiledHeadersEdges.cpp">
      <Filter>Source Files</Filter>
    </ClCompile>
    <ClCompile Include="C:\Users\bernh\Documents\25_Sommer2022\random_speed_neu.cpp">
      <Filter>Source Files</Filter>
    </ClCompile>
    <ClCompile Include="C:\Users\bernh\Documents\25_Sommer2022\vehicle.cpp">
      <Filter>Source Files</Filter>
    </ClCompile>
    <ClCompile Include="C:\Users\bernh\Documents\25_Sommer2022\flowSimulation1NegStraight.cpp">
      <Filter>Source Files</Filter>
    </ClCompile>
    <ClCompile Include="C:\Users\bernh\Documents\25_Sommer2022\flowSimulation1PosStraight.cpp">
      <Filter>Source Files</Filter>
    </ClCompile>
    <ClCompile Include="C:\Users\bernh\Documents\25_Sommer2022\flowSimulation2NegStraight.cpp">
      <Filter>Source Files</Filter>
    </ClCompile>
    <ClCompile Include="C:\Users\bernh\Documents\25_Sommer2022\flowSimulation2PosStraightA.cpp">
      <Filter>Source Files</Filter>
    </ClCompile>
    <ClCompile Include="C:\Users\bernh\Documents\25_Sommer2022\graph.cpp">
      <Filter>Source Files</Filter>
    </ClCompile>
    <ClCompile Include="C:\Users\bernh\Documents\25_Sommer2022\graphTrafficGenerationOnAllRoutes.cpp">
      <Filter>Source Files</Filter>
    </ClCompile>
    <ClCompile Include="C:\Users\bernh\Documents\25_Sommer2022\graphTrafficGenerationOnFastRoutes.cpp">
      <Filter>Source Files</Filter>
    </ClCompile>
    <ClCompile Include="C:\Users\bernh\Documents\25_Sommer2022\graphTrafficGenerationTrafficOnRoutesSelectedByDijkstraAlg.cpp">
      <Filter>Source Files</Filter>
    </ClCompile>
    <ClCompile Include="C:\Users\bernh\Documents\25_Sommer2022\networkDataStructure.cpp">
      <Filter>Source Files</Filter>
    </ClCompile>
    <ClCompile Include="C:\Users\bernh\Documents\25_Sommer2022\userFunctionsOfTheSimpleWindowInterface.cpp">
      <Filter>Source Files</Filter>
    </ClCompile>
    <ClCompile Include="C:\Users\bernh\Documents\25_Sommer2022\observer.cpp">
      <Filter>Source Files</Filter>
    </ClCompile>
    <ClCompile Include="C:\Users\bernh\Documents\25_Sommer2022\observer_subjekt.cpp">
      <Filter>Source Files</Filter>
    </ClCompile>
    <ClCompile Include="C:\Users\bernh\Documents\25_Sommer2022\PrintInGDIplusWin1LN.cpp">
      <Filter>Source Files</Filter>
    </ClCompile>
    <ClCompile Include="C:\Users\bernh\Documents\25_Sommer2022\PrintInGDIplusWin1LP.cpp">
      <Filter>Source Files</Filter>
    </ClCompile>
    <ClCompile Include="C:\Users\bernh\Documents\25_Sommer2022\PrintInGDIplusWin2LN.cpp">
      <Filter>Source Files</Filter>
    </ClCompile>
    <ClCompile Include="C:\Users\bernh\Documents\25_Sommer2022\PrintInGDIplusWin2LP.cpp">
      <Filter>Source Files</Filter>
    </ClCompile>
    <ClCompile Include="C:\Users\bernh\Documents\25_Sommer2022\PrintInGDIplusWindow.cpp">
      <Filter>Source Files</Filter>
    </ClCompile>
    <ClCompile Include="C:\Users\bernh\Documents\25_Sommer2022\PrintInGDIplusWinEmpty.cpp">
      <Filter>Source Files</Filter>
    </ClCompile>
    <ClCompile Include="C:\Users\bernh\Documents\25_Sommer2022\route.cpp">
      <Filter>Source Files</Filter>
    </ClCompile>
    <ClCompile Include="C:\Users\bernh\Documents\25_Sommer2022\sectionVehicleSet.cpp">
      <Filter>Source Files</Filter>
    </ClCompile>
    <ClCompile Include="C:\Users\bernh\Documents\25_Sommer2022\selectionFlowSimulation.cpp">
      <Filter>Source Files</Filter>
    </ClCompile>
    <ClCompile Include="C:\Users\bernh\Documents\25_Sommer2022\velocityToLength.cpp">
      <Filter>Source Files</Filter>
    </ClCompile>
    <ClCompile Include="C:\Users\bernh\Documents\25_Sommer2022\vertex.cpp">
      <Filter>Source Files</Filter>
    </ClCompile>
    <ClCompile Include="C:\Users\bernh\Documents\25_Sommer2022\vertexEnd.cpp">
      <Filter>Source Files</Filter>
    </ClCompile>
    <ClCompile Include="C:\Users\bernh\Documents\25_Sommer2022\vertexFlex.cpp">
      <Filter>Source Files</Filter>
    </ClCompile>
    <ClCompile Include="C:\Users\bernh\Documents\25_Sommer2022\vertexStart.cpp">
      <Filter>Source Files</Filter>
    </ClCompile>
    <ClCompile Include="C:\Users\bernh\Documents\25_Sommer2022\vertexObjectCreator.cpp">
      <Filter>Source Files</Filter>
    </ClCompile>
  </ItemGroup>
  <ItemGroup>
    <CustomBuild Include="C:\Users\bernh\Documents\25_Sommer2022\CMakeLists.txt" />
  </ItemGroup>
  <ItemGroup>
    <Filter Include="Source Files">
      <UniqueIdentifier>{2DD200DD-6B0E-376F-B0B9-581ECE4DA5CE}</UniqueIdentifier>
    </Filter>
  </ItemGroup>
</Project>
