
Microsoft Visual Studio Solution File, Format Version 12.00
# Visual Studio Version 16
VisualStudioVersion = 16.0.32228.343
MinimumVisualStudioVersion = 10.0.40219.1
Project("{8BC9CEB8-8B4A-11D0-8D11-00A0C91BC942}") = "ALL_BUILD", "ALL_BUILD.vcxproj", "{6AA4D71F-C486-3A9D-8F98-3F056B05DECA}"
	ProjectSection(ProjectDependencies) = postProject
		{6EFC0162-D9F0-3216-8100-463F76B11097} = {6EFC0162-D9F0-3216-8100-463F76B11097}
		{7EB18D7B-F4A8-3D92-AFFF-F42727949719} = {7EB18D7B-F4A8-3D92-AFFF-F42727949719}
		{4AABCA1A-E7E9-3F1C-AF03-532095326D69} = {4AABCA1A-E7E9-3F1C-AF03-532095326D69}
		{1A5BE8F8-EDC2-3801-B74C-940822B71FDB} = {1A5BE8F8-EDC2-3801-B74C-940822B71FDB}
		{789C65D1-37A8-3653-8191-09DABA6E6F2D} = {789C65D1-37A8-3653-8191-09DABA6E6F2D}
		{9EBA1E45-F6FF-31EC-B6AF-91B15068A676} = {9EBA1E45-F6FF-31EC-B6AF-91B15068A676}
		{5470C3A2-4136-3ACE-ACCC-A3D896D34115} = {5470C3A2-4136-3ACE-ACCC-A3D896D34115}
	EndProjectSection
EndProject
Project("{8BC9CEB8-8B4A-11D0-8D11-00A0C91BC942}") = "ExampleTests", "unitTest\ExampleTests.vcxproj", "{6EFC0162-D9F0-3216-8100-463F76B11097}"
	ProjectSection(ProjectDependencies) = postProject
		{7EB18D7B-F4A8-3D92-AFFF-F42727949719} = {7EB18D7B-F4A8-3D92-AFFF-F42727949719}
		{4AABCA1A-E7E9-3F1C-AF03-532095326D69} = {4AABCA1A-E7E9-3F1C-AF03-532095326D69}
		{9EBA1E45-F6FF-31EC-B6AF-91B15068A676} = {9EBA1E45-F6FF-31EC-B6AF-91B15068A676}
		{5470C3A2-4136-3ACE-ACCC-A3D896D34115} = {5470C3A2-4136-3ACE-ACCC-A3D896D34115}
	EndProjectSection
EndProject
Project("{8BC9CEB8-8B4A-11D0-8D11-00A0C91BC942}") = "INSTALL", "INSTALL.vcxproj", "{24977ABF-1FAD-3769-8898-157323400CF0}"
	ProjectSection(ProjectDependencies) = postProject
		{6AA4D71F-C486-3A9D-8F98-3F056B05DECA} = {6AA4D71F-C486-3A9D-8F98-3F056B05DECA}
		{4AABCA1A-E7E9-3F1C-AF03-532095326D69} = {4AABCA1A-E7E9-3F1C-AF03-532095326D69}
	EndProjectSection
EndProject
Project("{8BC9CEB8-8B4A-11D0-8D11-00A0C91BC942}") = "RUN_TESTS", "RUN_TESTS.vcxproj", "{7B64BAF1-F33F-3B40-BDBD-7202656E1825}"
	ProjectSection(ProjectDependencies) = postProject
		{4AABCA1A-E7E9-3F1C-AF03-532095326D69} = {4AABCA1A-E7E9-3F1C-AF03-532095326D69}
	EndProjectSection
EndProject
Project("{8BC9CEB8-8B4A-11D0-8D11-00A0C91BC942}") = "TrafficSimulatorApp", "TrafficSimulatorApp.vcxproj", "{7EB18D7B-F4A8-3D92-AFFF-F42727949719}"
	ProjectSection(ProjectDependencies) = postProject
		{4AABCA1A-E7E9-3F1C-AF03-532095326D69} = {4AABCA1A-E7E9-3F1C-AF03-532095326D69}
	EndProjectSection
EndProject
Project("{8BC9CEB8-8B4A-11D0-8D11-00A0C91BC942}") = "ZERO_CHECK", "ZERO_CHECK.vcxproj", "{4AABCA1A-E7E9-3F1C-AF03-532095326D69}"
EndProject
Project("{8BC9CEB8-8B4A-11D0-8D11-00A0C91BC942}") = "gmock", "_deps\googletest-build\googlemock\gmock.vcxproj", "{1A5BE8F8-EDC2-3801-B74C-940822B71FDB}"
	ProjectSection(ProjectDependencies) = postProject
		{4AABCA1A-E7E9-3F1C-AF03-532095326D69} = {4AABCA1A-E7E9-3F1C-AF03-532095326D69}
	EndProjectSection
EndProject
Project("{8BC9CEB8-8B4A-11D0-8D11-00A0C91BC942}") = "gmock_main", "_deps\googletest-build\googlemock\gmock_main.vcxproj", "{789C65D1-37A8-3653-8191-09DABA6E6F2D}"
	ProjectSection(ProjectDependencies) = postProject
		{4AABCA1A-E7E9-3F1C-AF03-532095326D69} = {4AABCA1A-E7E9-3F1C-AF03-532095326D69}
	EndProjectSection
EndProject
Project("{8BC9CEB8-8B4A-11D0-8D11-00A0C91BC942}") = "gtest", "_deps\googletest-build\googletest\gtest.vcxproj", "{9EBA1E45-F6FF-31EC-B6AF-91B15068A676}"
	ProjectSection(ProjectDependencies) = postProject
		{4AABCA1A-E7E9-3F1C-AF03-532095326D69} = {4AABCA1A-E7E9-3F1C-AF03-532095326D69}
	EndProjectSection
EndProject
Project("{8BC9CEB8-8B4A-11D0-8D11-00A0C91BC942}") = "gtest_main", "_deps\googletest-build\googletest\gtest_main.vcxproj", "{5470C3A2-4136-3ACE-ACCC-A3D896D34115}"
	ProjectSection(ProjectDependencies) = postProject
		{4AABCA1A-E7E9-3F1C-AF03-532095326D69} = {4AABCA1A-E7E9-3F1C-AF03-532095326D69}
		{9EBA1E45-F6FF-31EC-B6AF-91B15068A676} = {9EBA1E45-F6FF-31EC-B6AF-91B15068A676}
	EndProjectSection
EndProject
Global
	GlobalSection(SolutionConfigurationPlatforms) = preSolution
		Debug|Win32 = Debug|Win32
		Debug|x64 = Debug|x64
		MinSizeRel|Win32 = MinSizeRel|Win32
		MinSizeRel|x64 = MinSizeRel|x64
		Release|Win32 = Release|Win32
		Release|x64 = Release|x64
		RelWithDebInfo|Win32 = RelWithDebInfo|Win32
		RelWithDebInfo|x64 = RelWithDebInfo|x64
	EndGlobalSection
	GlobalSection(ProjectConfigurationPlatforms) = postSolution
		{6AA4D71F-C486-3A9D-8F98-3F056B05DECA}.Debug|Win32.ActiveCfg = Debug|x64
		{6AA4D71F-C486-3A9D-8F98-3F056B05DECA}.Debug|x64.ActiveCfg = Debug|x64
		{6AA4D71F-C486-3A9D-8F98-3F056B05DECA}.Debug|x64.Build.0 = Debug|x64
		{6AA4D71F-C486-3A9D-8F98-3F056B05DECA}.MinSizeRel|Win32.ActiveCfg = MinSizeRel|x64
		{6AA4D71F-C486-3A9D-8F98-3F056B05DECA}.MinSizeRel|x64.ActiveCfg = MinSizeRel|x64
		{6AA4D71F-C486-3A9D-8F98-3F056B05DECA}.MinSizeRel|x64.Build.0 = MinSizeRel|x64
		{6AA4D71F-C486-3A9D-8F98-3F056B05DECA}.Release|Win32.ActiveCfg = Release|x64
		{6AA4D71F-C486-3A9D-8F98-3F056B05DECA}.Release|x64.ActiveCfg = Release|x64
		{6AA4D71F-C486-3A9D-8F98-3F056B05DECA}.Release|x64.Build.0 = Release|x64
		{6AA4D71F-C486-3A9D-8F98-3F056B05DECA}.RelWithDebInfo|Win32.ActiveCfg = RelWithDebInfo|x64
		{6AA4D71F-C486-3A9D-8F98-3F056B05DECA}.RelWithDebInfo|x64.ActiveCfg = RelWithDebInfo|x64
		{6AA4D71F-C486-3A9D-8F98-3F056B05DECA}.RelWithDebInfo|x64.Build.0 = RelWithDebInfo|x64
		{6EFC0162-D9F0-3216-8100-463F76B11097}.Debug|Win32.ActiveCfg = Debug|Win32
		{6EFC0162-D9F0-3216-8100-463F76B11097}.Debug|Win32.Build.0 = Debug|Win32
		{6EFC0162-D9F0-3216-8100-463F76B11097}.Debug|x64.ActiveCfg = Debug|x64
		{6EFC0162-D9F0-3216-8100-463F76B11097}.Debug|x64.Build.0 = Debug|x64
		{6EFC0162-D9F0-3216-8100-463F76B11097}.MinSizeRel|Win32.ActiveCfg = MinSizeRel|Win32
		{6EFC0162-D9F0-3216-8100-463F76B11097}.MinSizeRel|Win32.Build.0 = MinSizeRel|Win32
		{6EFC0162-D9F0-3216-8100-463F76B11097}.MinSizeRel|x64.ActiveCfg = MinSizeRel|x64
		{6EFC0162-D9F0-3216-8100-463F76B11097}.MinSizeRel|x64.Build.0 = MinSizeRel|x64
		{6EFC0162-D9F0-3216-8100-463F76B11097}.Release|Win32.ActiveCfg = Release|Win32
		{6EFC0162-D9F0-3216-8100-463F76B11097}.Release|Win32.Build.0 = Release|Win32
		{6EFC0162-D9F0-3216-8100-463F76B11097}.Release|x64.ActiveCfg = Release|x64
		{6EFC0162-D9F0-3216-8100-463F76B11097}.Release|x64.Build.0 = Release|x64
		{6EFC0162-D9F0-3216-8100-463F76B11097}.RelWithDebInfo|Win32.ActiveCfg = RelWithDebInfo|Win32
		{6EFC0162-D9F0-3216-8100-463F76B11097}.RelWithDebInfo|Win32.Build.0 = RelWithDebInfo|Win32
		{6EFC0162-D9F0-3216-8100-463F76B11097}.RelWithDebInfo|x64.ActiveCfg = RelWithDebInfo|x64
		{6EFC0162-D9F0-3216-8100-463F76B11097}.RelWithDebInfo|x64.Build.0 = RelWithDebInfo|x64
		{24977ABF-1FAD-3769-8898-157323400CF0}.Debug|Win32.ActiveCfg = Debug|x64
		{24977ABF-1FAD-3769-8898-157323400CF0}.Debug|x64.ActiveCfg = Debug|x64
		{24977ABF-1FAD-3769-8898-157323400CF0}.MinSizeRel|Win32.ActiveCfg = MinSizeRel|x64
		{24977ABF-1FAD-3769-8898-157323400CF0}.MinSizeRel|x64.ActiveCfg = MinSizeRel|x64
		{24977ABF-1FAD-3769-8898-157323400CF0}.Release|Win32.ActiveCfg = Release|x64
		{24977ABF-1FAD-3769-8898-157323400CF0}.Release|x64.ActiveCfg = Release|x64
		{24977ABF-1FAD-3769-8898-157323400CF0}.RelWithDebInfo|Win32.ActiveCfg = RelWithDebInfo|x64
		{24977ABF-1FAD-3769-8898-157323400CF0}.RelWithDebInfo|x64.ActiveCfg = RelWithDebInfo|x64
		{7B64BAF1-F33F-3B40-BDBD-7202656E1825}.Debug|Win32.ActiveCfg = Debug|x64
		{7B64BAF1-F33F-3B40-BDBD-7202656E1825}.Debug|x64.ActiveCfg = Debug|x64
		{7B64BAF1-F33F-3B40-BDBD-7202656E1825}.MinSizeRel|Win32.ActiveCfg = MinSizeRel|x64
		{7B64BAF1-F33F-3B40-BDBD-7202656E1825}.MinSizeRel|x64.ActiveCfg = MinSizeRel|x64
		{7B64BAF1-F33F-3B40-BDBD-7202656E1825}.Release|Win32.ActiveCfg = Release|x64
		{7B64BAF1-F33F-3B40-BDBD-7202656E1825}.Release|x64.ActiveCfg = Release|x64
		{7B64BAF1-F33F-3B40-BDBD-7202656E1825}.RelWithDebInfo|Win32.ActiveCfg = RelWithDebInfo|x64
		{7B64BAF1-F33F-3B40-BDBD-7202656E1825}.RelWithDebInfo|x64.ActiveCfg = RelWithDebInfo|x64
		{7EB18D7B-F4A8-3D92-AFFF-F42727949719}.Debug|Win32.ActiveCfg = Debug|Win32
		{7EB18D7B-F4A8-3D92-AFFF-F42727949719}.Debug|Win32.Build.0 = Debug|Win32
		{7EB18D7B-F4A8-3D92-AFFF-F42727949719}.Debug|x64.ActiveCfg = Debug|x64
		{7EB18D7B-F4A8-3D92-AFFF-F42727949719}.Debug|x64.Build.0 = Debug|x64
		{7EB18D7B-F4A8-3D92-AFFF-F42727949719}.MinSizeRel|Win32.ActiveCfg = MinSizeRel|Win32
		{7EB18D7B-F4A8-3D92-AFFF-F42727949719}.MinSizeRel|Win32.Build.0 = MinSizeRel|Win32
		{7EB18D7B-F4A8-3D92-AFFF-F42727949719}.MinSizeRel|x64.ActiveCfg = MinSizeRel|x64
		{7EB18D7B-F4A8-3D92-AFFF-F42727949719}.MinSizeRel|x64.Build.0 = MinSizeRel|x64
		{7EB18D7B-F4A8-3D92-AFFF-F42727949719}.Release|Win32.ActiveCfg = Release|Win32
		{7EB18D7B-F4A8-3D92-AFFF-F42727949719}.Release|Win32.Build.0 = Release|Win32
		{7EB18D7B-F4A8-3D92-AFFF-F42727949719}.Release|x64.ActiveCfg = Release|x64
		{7EB18D7B-F4A8-3D92-AFFF-F42727949719}.Release|x64.Build.0 = Release|x64
		{7EB18D7B-F4A8-3D92-AFFF-F42727949719}.RelWithDebInfo|Win32.ActiveCfg = RelWithDebInfo|Win32
		{7EB18D7B-F4A8-3D92-AFFF-F42727949719}.RelWithDebInfo|Win32.Build.0 = RelWithDebInfo|Win32
		{7EB18D7B-F4A8-3D92-AFFF-F42727949719}.RelWithDebInfo|x64.ActiveCfg = RelWithDebInfo|x64
		{7EB18D7B-F4A8-3D92-AFFF-F42727949719}.RelWithDebInfo|x64.Build.0 = RelWithDebInfo|x64
		{4AABCA1A-E7E9-3F1C-AF03-532095326D69}.Debug|Win32.ActiveCfg = Debug|x64
		{4AABCA1A-E7E9-3F1C-AF03-532095326D69}.Debug|x64.ActiveCfg = Debug|x64
		{4AABCA1A-E7E9-3F1C-AF03-532095326D69}.Debug|x64.Build.0 = Debug|x64
		{4AABCA1A-E7E9-3F1C-AF03-532095326D69}.MinSizeRel|Win32.ActiveCfg = MinSizeRel|x64
		{4AABCA1A-E7E9-3F1C-AF03-532095326D69}.MinSizeRel|x64.ActiveCfg = MinSizeRel|x64
		{4AABCA1A-E7E9-3F1C-AF03-532095326D69}.MinSizeRel|x64.Build.0 = MinSizeRel|x64
		{4AABCA1A-E7E9-3F1C-AF03-532095326D69}.Release|Win32.ActiveCfg = Release|x64
		{4AABCA1A-E7E9-3F1C-AF03-532095326D69}.Release|x64.ActiveCfg = Release|x64
		{4AABCA1A-E7E9-3F1C-AF03-532095326D69}.Release|x64.Build.0 = Release|x64
		{4AABCA1A-E7E9-3F1C-AF03-532095326D69}.RelWithDebInfo|Win32.ActiveCfg = RelWithDebInfo|x64
		{4AABCA1A-E7E9-3F1C-AF03-532095326D69}.RelWithDebInfo|x64.ActiveCfg = RelWithDebInfo|x64
		{4AABCA1A-E7E9-3F1C-AF03-532095326D69}.RelWithDebInfo|x64.Build.0 = RelWithDebInfo|x64
		{1A5BE8F8-EDC2-3801-B74C-940822B71FDB}.Debug|Win32.ActiveCfg = Debug|x64
		{1A5BE8F8-EDC2-3801-B74C-940822B71FDB}.Debug|x64.ActiveCfg = Debug|x64
		{1A5BE8F8-EDC2-3801-B74C-940822B71FDB}.Debug|x64.Build.0 = Debug|x64
		{1A5BE8F8-EDC2-3801-B74C-940822B71FDB}.MinSizeRel|Win32.ActiveCfg = MinSizeRel|x64
		{1A5BE8F8-EDC2-3801-B74C-940822B71FDB}.MinSizeRel|x64.ActiveCfg = MinSizeRel|x64
		{1A5BE8F8-EDC2-3801-B74C-940822B71FDB}.MinSizeRel|x64.Build.0 = MinSizeRel|x64
		{1A5BE8F8-EDC2-3801-B74C-940822B71FDB}.Release|Win32.ActiveCfg = Release|x64
		{1A5BE8F8-EDC2-3801-B74C-940822B71FDB}.Release|x64.ActiveCfg = Release|x64
		{1A5BE8F8-EDC2-3801-B74C-940822B71FDB}.Release|x64.Build.0 = Release|x64
		{1A5BE8F8-EDC2-3801-B74C-940822B71FDB}.RelWithDebInfo|Win32.ActiveCfg = RelWithDebInfo|x64
		{1A5BE8F8-EDC2-3801-B74C-940822B71FDB}.RelWithDebInfo|x64.ActiveCfg = RelWithDebInfo|x64
		{1A5BE8F8-EDC2-3801-B74C-940822B71FDB}.RelWithDebInfo|x64.Build.0 = RelWithDebInfo|x64
		{789C65D1-37A8-3653-8191-09DABA6E6F2D}.Debug|Win32.ActiveCfg = Debug|x64
		{789C65D1-37A8-3653-8191-09DABA6E6F2D}.Debug|x64.ActiveCfg = Debug|x64
		{789C65D1-37A8-3653-8191-09DABA6E6F2D}.Debug|x64.Build.0 = Debug|x64
		{789C65D1-37A8-3653-8191-09DABA6E6F2D}.MinSizeRel|Win32.ActiveCfg = MinSizeRel|x64
		{789C65D1-37A8-3653-8191-09DABA6E6F2D}.MinSizeRel|x64.ActiveCfg = MinSizeRel|x64
		{789C65D1-37A8-3653-8191-09DABA6E6F2D}.MinSizeRel|x64.Build.0 = MinSizeRel|x64
		{789C65D1-37A8-3653-8191-09DABA6E6F2D}.Release|Win32.ActiveCfg = Release|x64
		{789C65D1-37A8-3653-8191-09DABA6E6F2D}.Release|x64.ActiveCfg = Release|x64
		{789C65D1-37A8-3653-8191-09DABA6E6F2D}.Release|x64.Build.0 = Release|x64
		{789C65D1-37A8-3653-8191-09DABA6E6F2D}.RelWithDebInfo|Win32.ActiveCfg = RelWithDebInfo|x64
		{789C65D1-37A8-3653-8191-09DABA6E6F2D}.RelWithDebInfo|x64.ActiveCfg = RelWithDebInfo|x64
		{789C65D1-37A8-3653-8191-09DABA6E6F2D}.RelWithDebInfo|x64.Build.0 = RelWithDebInfo|x64
		{9EBA1E45-F6FF-31EC-B6AF-91B15068A676}.Debug|Win32.ActiveCfg = Debug|Win32
		{9EBA1E45-F6FF-31EC-B6AF-91B15068A676}.Debug|Win32.Build.0 = Debug|Win32
		{9EBA1E45-F6FF-31EC-B6AF-91B15068A676}.Debug|x64.ActiveCfg = Debug|x64
		{9EBA1E45-F6FF-31EC-B6AF-91B15068A676}.Debug|x64.Build.0 = Debug|x64
		{9EBA1E45-F6FF-31EC-B6AF-91B15068A676}.MinSizeRel|Win32.ActiveCfg = MinSizeRel|x64
		{9EBA1E45-F6FF-31EC-B6AF-91B15068A676}.MinSizeRel|x64.ActiveCfg = MinSizeRel|x64
		{9EBA1E45-F6FF-31EC-B6AF-91B15068A676}.MinSizeRel|x64.Build.0 = MinSizeRel|x64
		{9EBA1E45-F6FF-31EC-B6AF-91B15068A676}.Release|Win32.ActiveCfg = Release|x64
		{9EBA1E45-F6FF-31EC-B6AF-91B15068A676}.Release|x64.ActiveCfg = Release|x64
		{9EBA1E45-F6FF-31EC-B6AF-91B15068A676}.Release|x64.Build.0 = Release|x64
		{9EBA1E45-F6FF-31EC-B6AF-91B15068A676}.RelWithDebInfo|Win32.ActiveCfg = RelWithDebInfo|x64
		{9EBA1E45-F6FF-31EC-B6AF-91B15068A676}.RelWithDebInfo|x64.ActiveCfg = RelWithDebInfo|x64
		{9EBA1E45-F6FF-31EC-B6AF-91B15068A676}.RelWithDebInfo|x64.Build.0 = RelWithDebInfo|x64
		{5470C3A2-4136-3ACE-ACCC-A3D896D34115}.Debug|Win32.ActiveCfg = Debug|Win32
		{5470C3A2-4136-3ACE-ACCC-A3D896D34115}.Debug|Win32.Build.0 = Debug|Win32
		{5470C3A2-4136-3ACE-ACCC-A3D896D34115}.Debug|x64.ActiveCfg = Debug|x64
		{5470C3A2-4136-3ACE-ACCC-A3D896D34115}.Debug|x64.Build.0 = Debug|x64
		{5470C3A2-4136-3ACE-ACCC-A3D896D34115}.MinSizeRel|Win32.ActiveCfg = MinSizeRel|Win32
		{5470C3A2-4136-3ACE-ACCC-A3D896D34115}.MinSizeRel|Win32.Build.0 = MinSizeRel|Win32
		{5470C3A2-4136-3ACE-ACCC-A3D896D34115}.MinSizeRel|x64.ActiveCfg = MinSizeRel|x64
		{5470C3A2-4136-3ACE-ACCC-A3D896D34115}.MinSizeRel|x64.Build.0 = MinSizeRel|x64
		{5470C3A2-4136-3ACE-ACCC-A3D896D34115}.Release|Win32.ActiveCfg = Release|Win32
		{5470C3A2-4136-3ACE-ACCC-A3D896D34115}.Release|Win32.Build.0 = Release|Win32
		{5470C3A2-4136-3ACE-ACCC-A3D896D34115}.Release|x64.ActiveCfg = Release|x64
		{5470C3A2-4136-3ACE-ACCC-A3D896D34115}.Release|x64.Build.0 = Release|x64
		{5470C3A2-4136-3ACE-ACCC-A3D896D34115}.RelWithDebInfo|Win32.ActiveCfg = RelWithDebInfo|Win32
		{5470C3A2-4136-3ACE-ACCC-A3D896D34115}.RelWithDebInfo|Win32.Build.0 = RelWithDebInfo|Win32
		{5470C3A2-4136-3ACE-ACCC-A3D896D34115}.RelWithDebInfo|x64.ActiveCfg = RelWithDebInfo|x64
		{5470C3A2-4136-3ACE-ACCC-A3D896D34115}.RelWithDebInfo|x64.Build.0 = RelWithDebInfo|x64
	EndGlobalSection
	GlobalSection(SolutionProperties) = preSolution
		HideSolutionNode = FALSE
	EndGlobalSection
	GlobalSection(ExtensibilityGlobals) = postSolution
		SolutionGuid = {DC2C2345-8DD4-3C6B-AC5C-253190920AFD}
	EndGlobalSection
EndGlobal
